{
  "version": 4,
  "terraform_version": "1.3.4",
  "serial": 21,
  "lineage": "1e73e9ab-1e8a-1ed1-5967-0dff8fe9cf32",
  "outputs": {
    "ip_address": {
      "value": [
        "143.198.184.20"
      ],
      "type": [
        "tuple",
        [
          "string"
        ]
      ]
    }
  },
  "resources": [
    {
      "mode": "data",
      "type": "digitalocean_ssh_key",
      "name": "ansible",
      "provider": "provider[\"registry.terraform.io/digitalocean/digitalocean\"]",
      "instances": [
        {
          "schema_version": 0,
          "attributes": {
            "fingerprint": "95:17:cc:f7:1d:98:23:1d:61:58:97:9d:46:f7:e2:68",
            "id": 36771604,
            "name": "ansible",
            "public_key": "ssh-rsa AAAAB3NzaC1yc2EAAAADAQABAAABgQCW4Y5Cxi7EkXgubdP7R2opUnLd7cLIfIZoDf8hZ0isW5f2YjHOUZBIWU+lpsxDFeqwgl/6ZyFRZnRrRaNJ3nEl3OZYEEQ2vzoGnnhj1INghWzUiMVdJl97AwXcrtQC60gW6iaTwkYUuP0p0l5cX54WF/MTbEuGo+rwhrW9ENF57r7J3AA/qnaw2pyO6SrGRGKMqS3+VGAjopNflueUJnILvwG1uaul+W4EM67iQmDqBij9NVUYHlFVu7DDLpPXr8Nnxl3bw23MN6UyLLNgShpgYw2TCrs4Oypl8nMNO1RweCaWB3LynCLs3L9iUyiN1yOypOCcG/AL2Jlw8g15xvH6ys9X1mWdp3PrFet31BCcdZjN1i3aSIfxowxGzih617TcGiJMB5RYFWAzdvz2NkZ1bfal7htMEDL2OddghbNLiY3CvDsY6S6W5/Yh/FcnjF4yj0oIj01ClJqcDQ403kXB9nmaO1/t784bZdMghIoxVbh7XtS7dn80ftt/6JFPOQ0= root@ansible"
          },
          "sensitive_attributes": []
        }
      ]
    },
    {
      "mode": "data",
      "type": "digitalocean_ssh_key",
      "name": "pop-os",
      "provider": "provider[\"registry.terraform.io/digitalocean/digitalocean\"]",
      "instances": [
        {
          "schema_version": 0,
          "attributes": {
            "fingerprint": "c1:a8:67:08:3e:3b:b0:53:25:4e:29:f8:88:48:27:1d",
            "id": 34344143,
            "name": "pop-os",
            "public_key": "ssh-rsa AAAAB3NzaC1yc2EAAAADAQABAAABgQCx1xmbOjl4NDffLc6gDC0/xkOWJCi3MBfx9Ir+6rRnRd//o7LpmiDbcWRWnUfgk7UgWPeojM5DLZkeVgmSPU2aAZSjzSoM+KpnYi8kwvpYGIamptQ7DIosFwDqUpJtnrVqaxsXAFOvJADcUozgqn0Bz3AKrs337A3SbwyAhQ88X4UuUzQdK6E4AWzmHGAn7PnD/1ETGSmtHDOeSQ4TM5YU7ah6UdIr926oEwQiCRWXkUQesa8/Mtt1FThz2f+d56KGpdogrlBnj0BljTbUp8deTeakS+mR5815vpTWVjzAu/x9zK9CLEvln6bwjxQJkTmVK+WQafjn9OTTTwE1nR0sQH66D9zwYvd24DkwL5DLUl/IPxfgF9Xz4mXY/ZRMgvOhAjaK5K5Tag4iG60bmqJTxxY8oWm3YlWQTcMGdt376TMmHWGnCAVH6Cn0c402I+S4ROTYqCYYXHwy2+4XrwiKr8idFeMA4Z1zpDFmiyKVcWX+/oOmiRPA6mAaTHvFPh0= geekboy@pop-os"
          },
          "sensitive_attributes": []
        }
      ]
    },
    {
      "mode": "managed",
      "type": "digitalocean_droplet",
      "name": "webserver",
      "provider": "provider[\"registry.terraform.io/digitalocean/digitalocean\"]",
      "instances": [
        {
          "index_key": 0,
          "schema_version": 1,
          "attributes": {
            "backups": false,
            "created_at": "2022-11-16T05:58:37Z",
            "disk": 80,
            "droplet_agent": null,
            "graceful_shutdown": false,
            "id": "326247569",
            "image": "ubuntu-18-04-x64",
            "ipv4_address": "143.198.184.20",
            "ipv4_address_private": "10.116.0.2",
            "ipv6": false,
            "ipv6_address": "",
            "locked": false,
            "memory": 4096,
            "monitoring": false,
            "name": "web-10nyc1",
            "price_hourly": 0.03571,
            "price_monthly": 24,
            "private_networking": true,
            "region": "nyc1",
            "resize_disk": true,
            "size": "s-2vcpu-4gb",
            "ssh_keys": [
              "34344143",
              "36771604"
            ],
            "status": "active",
            "tags": [],
            "timeouts": null,
            "urn": "do:droplet:326247569",
            "user_data": null,
            "vcpus": 2,
            "volume_ids": [],
            "vpc_uuid": "6793b1e9-a438-4911-ad83-b6a89fe4a473"
          },
          "sensitive_attributes": [],
          "private": "eyJlMmJmYjczMC1lY2FhLTExZTYtOGY4OC0zNDM2M2JjN2M0YzAiOnsiY3JlYXRlIjozNjAwMDAwMDAwMDAwLCJkZWxldGUiOjYwMDAwMDAwMDAwLCJ1cGRhdGUiOjM2MDAwMDAwMDAwMDB9LCJzY2hlbWFfdmVyc2lvbiI6IjEifQ==",
          "dependencies": [
            "data.digitalocean_ssh_key.ansible",
            "data.digitalocean_ssh_key.pop-os"
          ]
        }
      ]
    }
  ],
  "check_results": null
}
